
Microsoft Visual Studio Solution File, Format Version 12.00
# Visual Studio Version 17
VisualStudioVersion = 17.5.002.0
MinimumVisualStudioVersion = 10.0.40219.1
Project("{9A19103F-16F7-4668-BE54-9A1E7A4F7556}") = "Classes-Abstratas-e-Interfaces-com-CSharp", "Classes-Abstratas-e-Interfaces-com-CSharp.csproj", "{A5E85206-0F4C-4070-AAA7-D6898DB699EE}"
EndProject
Global
	GlobalSection(SolutionConfigurationPlatforms) = preSolution
		Debug|Any CPU = Debug|Any CPU
		Release|Any CPU = Release|Any CPU
	EndGlobalSection
	GlobalSection(ProjectConfigurationPlatforms) = postSolution
		{A5E85206-0F4C-4070-AAA7-D6898DB699EE}.Debug|Any CPU.ActiveCfg = Debug|Any CPU
		{A5E85206-0F4C-4070-AAA7-D6898DB699EE}.Debug|Any CPU.Build.0 = Debug|Any CPU
		{A5E85206-0F4C-4070-AAA7-D6898DB699EE}.Release|Any CPU.ActiveCfg = Release|Any CPU
		{A5E85206-0F4C-4070-AAA7-D6898DB699EE}.Release|Any CPU.Build.0 = Release|Any CPU
	EndGlobalSection
	GlobalSection(SolutionProperties) = preSolution
		HideSolutionNode = FALSE
	EndGlobalSection
	GlobalSection(ExtensibilityGlobals) = postSolution
		SolutionGuid = {B6284215-8D42-4F31-85EE-8138376C59FE}
	EndGlobalSection
EndGlobal
